
Microsoft Visual Studio Solution File, Format Version 12.00
# Visual Studio Version 17
VisualStudioVersion = 17.0.32014.148
MinimumVisualStudioVersion = 10.0.40219.1
Project("{9A19103F-16F7-4668-BE54-9A1E7A4F7556}") = "Our.Umbraco.HelpfulEditors", "src\Our.Umbraco.HelpfulEditors\Our.Umbraco.HelpfulEditors.csproj", "{FA19568F-F2CC-409A-AED6-318FCACA1096}"
EndProject
Global
	GlobalSection(SolutionConfigurationPlatforms) = preSolution
		Debug|Any CPU = Debug|Any CPU
		Release|Any CPU = Release|Any CPU
	EndGlobalSection
	GlobalSection(ProjectConfigurationPlatforms) = postSolution
		{FA19568F-F2CC-409A-AED6-318FCACA1096}.Debug|Any CPU.ActiveCfg = Debug|Any CPU
		{FA19568F-F2CC-409A-AED6-318FCACA1096}.Debug|Any CPU.Build.0 = Debug|Any CPU
		{FA19568F-F2CC-409A-AED6-318FCACA1096}.Release|Any CPU.ActiveCfg = Release|Any CPU
		{FA19568F-F2CC-409A-AED6-318FCACA1096}.Release|Any CPU.Build.0 = Release|Any CPU
	EndGlobalSection
	GlobalSection(SolutionProperties) = preSolution
		HideSolutionNode = FALSE
	EndGlobalSection
	GlobalSection(ExtensibilityGlobals) = postSolution
		SolutionGuid = {54A1A702-843F-4F17-A75A-DFA8915000AB}
	EndGlobalSection
EndGlobal
